# This file is automatically @generated by Cargo.
# It is not intended for manual editing.
version = 4

[[package]]
name = "sql"
version = "0.1.0"

[[package]]
name = "sqlite"
version = "0.1.0"
dependencies = [
 "sql",
 "sqlite3",
]

[[package]]
name = "sqlite3"
version = "0.1.0"
source = "git+https://github.com/shipsimfan/lib-sqlite3#4a06745235483384766b7128dad7892c83ee141d"
