# This file is automatically @generated by Cargo.
# It is not intended for manual editing.
version = 4

[[package]]
name = "sql"
version = "0.1.0"

[[package]]
name = "sqlite"
version = "0.1.0"
dependencies = [
 "sql",
 "sqlite3",
]

[[package]]
name = "sqlite3"
version = "0.1.0"
source = "git+https://github.com/shipsimfan/lib-sqlite3#70a178aa5d01f10adb9840e62796103cf9018bcc"
