# This file is automatically @generated by Cargo.
# It is not intended for manual editing.
version = 4

[[package]]
name = "proc-macro-util"
version = "0.1.0"
source = "git+https://github.com/shipsimfan/lib-proc-macro-util#0b32ec60c7f29b23c18331531e985a6c65b03ad9"
dependencies = [
 "proc-macro-util-base",
 "proc-macro-util-macros",
]

[[package]]
name = "proc-macro-util-base"
version = "0.1.0"
source = "git+https://github.com/shipsimfan/lib-proc-macro-util#0b32ec60c7f29b23c18331531e985a6c65b03ad9"

[[package]]
name = "proc-macro-util-macros"
version = "0.1.0"
source = "git+https://github.com/shipsimfan/lib-proc-macro-util#0b32ec60c7f29b23c18331531e985a6c65b03ad9"
dependencies = [
 "proc-macro-util-base",
]

[[package]]
name = "sql"
version = "0.1.0"
dependencies = [
 "sql-macro",
]

[[package]]
name = "sql-macro"
version = "0.1.0"
dependencies = [
 "proc-macro-util",
]

[[package]]
name = "sqlite"
version = "0.1.0"
dependencies = [
 "sql",
 "sqlite3",
]

[[package]]
name = "sqlite3"
version = "0.1.0"
source = "git+https://github.com/shipsimfan/lib-sqlite3#4a06745235483384766b7128dad7892c83ee141d"
